
Microsoft Visual Studio Solution File, Format Version 12.00
# Visual Studio Version 17
VisualStudioVersion = 17.4.33205.214
MinimumVisualStudioVersion = 10.0.40219.1
Project("{FAE04EC0-301F-11D3-BF4B-00C04F79EFBC}") = "StudentDataParser", "StudentDataParser\StudentDataParser.csproj", "{CC6EB1D7-6E08-463A-9E9C-3C7ED2B4A306}"
EndProject
Global
	GlobalSection(SolutionConfigurationPlatforms) = preSolution
		Debug|Any CPU = Debug|Any CPU
		Release|Any CPU = Release|Any CPU
	EndGlobalSection
	GlobalSection(ProjectConfigurationPlatforms) = postSolution
		{CC6EB1D7-6E08-463A-9E9C-3C7ED2B4A306}.Debug|Any CPU.ActiveCfg = Debug|Any CPU
		{CC6EB1D7-6E08-463A-9E9C-3C7ED2B4A306}.Debug|Any CPU.Build.0 = Debug|Any CPU
		{CC6EB1D7-6E08-463A-9E9C-3C7ED2B4A306}.Release|Any CPU.ActiveCfg = Release|Any CPU
		{CC6EB1D7-6E08-463A-9E9C-3C7ED2B4A306}.Release|Any CPU.Build.0 = Release|Any CPU
	EndGlobalSection
	GlobalSection(SolutionProperties) = preSolution
		HideSolutionNode = FALSE
	EndGlobalSection
	GlobalSection(ExtensibilityGlobals) = postSolution
		SolutionGuid = {72877D0D-EB4B-4DA9-A47A-A88E857BDB2A}
	EndGlobalSection
EndGlobal
